// !$*UTF8*$!
{
	archiveVersion = 1;
	classes = {
	};
	objectVersion = 55;
	objects = {

/* Begin PBXBuildFile section */
		926716C828235F6B0011CFA4 /* I_Am_Rich_SwiftUIApp.swift in Sources */ = {isa = PBXBuildFile; fileRef = 926716C728235F6B0011CFA4 /* I_Am_Rich_SwiftUIApp.swift */; };
		926716CA28235F6B0011CFA4 /* ContentView.swift in Sources */ = {isa = PBXBuildFile; fileRef = 926716C928235F6B0011CFA4 /* ContentView.swift */; };
		926716CC28235F6C0011CFA4 /* Assets.xcassets in Resources */ = {isa = PBXBuildFile; fileRef = 926716CB28235F6C0011CFA4 /* Assets.xcassets */; };
		926716CF28235F6C0011CFA4 /* Preview Assets.xcassets in Resources */ = {isa = PBXBuildFile; fileRef = 926716CE28235F6C0011CFA4 /* Preview Assets.xcassets */; };
		926716D928235F6D0011CFA4 /* I_Am_Rich_SwiftUITests.swift in Sources */ = {isa = PBXBuildFile; fileRef = 926716D828235F6D0011CFA4 /* I_Am_Rich_SwiftUITests.swift */; };
		926716E328235F6D0011CFA4 /* I_Am_Rich_SwiftUIUITests.swift in Sources */ = {isa = PBXBuildFile; fileRef = 926716E228235F6D0011CFA4 /* I_Am_Rich_SwiftUIUITests.swift */; };
		926716E528235F6D0011CFA4 /* I_Am_Rich_SwiftUIUITestsLaunchTests.swift in Sources */ = {isa = PBXBuildFile; fileRef = 926716E428235F6D0011CFA4 /* I_Am_Rich_SwiftUIUITestsLaunchTests.swift */; };
/* End PBXBuildFile section */

/* Begin PBXContainerItemProxy section */
		926716D528235F6D0011CFA4 /* PBXContainerItemProxy */ = {
			isa = PBXContainerItemProxy;
			containerPortal = 926716BC28235F6B0011CFA4 /* Project object */;
			proxyType = 1;
			remoteGlobalIDString = 926716C328235F6B0011CFA4;
			remoteInfo = "I Am Rich SwiftUI";
		};
		926716DF28235F6D0011CFA4 /* PBXContainerItemProxy */ = {
			isa = PBXContainerItemProxy;
			containerPortal = 926716BC28235F6B0011CFA4 /* Project object */;
			proxyType = 1;
			remoteGlobalIDString = 926716C328235F6B0011CFA4;
			remoteInfo = "I Am Rich SwiftUI";
		};
/* End PBXContainerItemProxy section */

/* Begin PBXFileReference section */
		926716C428235F6B0011CFA4 /* I Am Rich SwiftUI.app */ = {isa = PBXFileReference; explicitFileType = wrapper.application; includeInIndex = 0; path = "I Am Rich SwiftUI.app"; sourceTree = BUILT_PRODUCTS_DIR; };
		926716C728235F6B0011CFA4 /* I_Am_Rich_SwiftUIApp.swift */ = {isa = PBXFileReference; lastKnownFileType = sourcecode.swift; path = I_Am_Rich_SwiftUIApp.swift; sourceTree = "<group>"; };
		926716C928235F6B0011CFA4 /* ContentView.swift */ = {isa = PBXFileReference; lastKnownFileType = sourcecode.swift; path = ContentView.swift; sourceTree = "<group>"; };
		926716CB28235F6C0011CFA4 /* Assets.xcassets */ = {isa = PBXFileReference; lastKnownFileType = folder.assetcatalog; path = Assets.xcassets; sourceTree = "<group>"; };
		926716CE28235F6C0011CFA4 /* Preview Assets.xcassets */ = {isa = PBXFileReference; lastKnownFileType = folder.assetcatalog; path = "Preview Assets.xcassets"; sourceTree = "<group>"; };
		926716D428235F6D0011CFA4 /* I Am Rich SwiftUITests.xctest */ = {isa = PBXFileReference; explicitFileType = wrapper.cfbundle; includeInIndex = 0; path = "I Am Rich SwiftUITests.xctest"; sourceTree = BUILT_PRODUCTS_DIR; };
		926716D828235F6D0011CFA4 /* I_Am_Rich_SwiftUITests.swift */ = {isa = PBXFileReference; lastKnownFileType = sourcecode.swift; path = I_Am_Rich_SwiftUITests.swift; sourceTree = "<group>"; };
		926716DE28235F6D0011CFA4 /* I Am Rich SwiftUIUITests.xctest */ = {isa = PBXFileReference; explicitFileType = wrapper.cfbundle; includeInIndex = 0; path = "I Am Rich SwiftUIUITests.xctest"; sourceTree = BUILT_PRODUCTS_DIR; };
		926716E228235F6D0011CFA4 /* I_Am_Rich_SwiftUIUITests.swift */ = {isa = PBXFileReference; lastKnownFileType = sourcecode.swift; path = I_Am_Rich_SwiftUIUITests.swift; sourceTree = "<group>"; };
		926716E428235F6D0011CFA4 /* I_Am_Rich_SwiftUIUITestsLaunchTests.swift */ = {isa = PBXFileReference; lastKnownFileType = sourcecode.swift; path = I_Am_Rich_SwiftUIUITestsLaunchTests.swift; sourceTree = "<group>"; };
/* End PBXFileReference section */

/* Begin PBXFrameworksBuildPhase section */
		926716C128235F6B0011CFA4 /* Frameworks */ = {
			isa = PBXFrameworksBuildPhase;
			buildActionMask = 2147483647;
			files = (
			);
			runOnlyForDeploymentPostprocessing = 0;
		};
		926716D128235F6D0011CFA4 /* Frameworks */ = {
			isa = PBXFrameworksBuildPhase;
			buildActionMask = 2147483647;
			files = (
			);
			runOnlyForDeploymentPostprocessing = 0;
		};
		926716DB28235F6D0011CFA4 /* Frameworks */ = {
			isa = PBXFrameworksBuildPhase;
			buildActionMask = 2147483647;
			files = (
			);
			runOnlyForDeploymentPostprocessing = 0;
		};
/* End PBXFrameworksBuildPhase section */

/* Begin PBXGroup section */
		926716BB28235F6B0011CFA4 = {
			isa = PBXGroup;
			children = (
				926716C628235F6B0011CFA4 /* I Am Rich SwiftUI */,
				926716D728235F6D0011CFA4 /* I Am Rich SwiftUITests */,
				926716E128235F6D0011CFA4 /* I Am Rich SwiftUIUITests */,
				926716C528235F6B0011CFA4 /* Products */,
			);
			sourceTree = "<group>";
		};
		926716C528235F6B0011CFA4 /* Products */ = {
			isa = PBXGroup;
			children = (
				926716C428235F6B0011CFA4 /* I Am Rich SwiftUI.app */,
				926716D428235F6D0011CFA4 /* I Am Rich SwiftUITests.xctest */,
				926716DE28235F6D0011CFA4 /* I Am Rich SwiftUIUITests.xctest */,
			);
			name = Products;
			sourceTree = "<group>";
		};
		926716C628235F6B0011CFA4 /* I Am Rich SwiftUI */ = {
			isa = PBXGroup;
			children = (
				926716C728235F6B0011CFA4 /* I_Am_Rich_SwiftUIApp.swift */,
				926716C928235F6B0011CFA4 /* ContentView.swift */,
				926716CB28235F6C0011CFA4 /* Assets.xcassets */,
				926716CD28235F6C0011CFA4 /* Preview Content */,
			);
			path = "I Am Rich SwiftUI";
			sourceTree = "<group>";
		};
		926716CD28235F6C0011CFA4 /* Preview Content */ = {
			isa = PBXGroup;
			children = (
				926716CE28235F6C0011CFA4 /* Preview Assets.xcassets */,
			);
			path = "Preview Content";
			sourceTree = "<group>";
		};
		926716D728235F6D0011CFA4 /* I Am Rich SwiftUITests */ = {
			isa = PBXGroup;
			children = (
				926716D828235F6D0011CFA4 /* I_Am_Rich_SwiftUITests.swift */,
			);
			path = "I Am Rich SwiftUITests";
			sourceTree = "<group>";
		};
		926716E128235F6D0011CFA4 /* I Am Rich SwiftUIUITests */ = {
			isa = PBXGroup;
			children = (
				926716E228235F6D0011CFA4 /* I_Am_Rich_SwiftUIUITests.swift */,
				926716E428235F6D0011CFA4 /* I_Am_Rich_SwiftUIUITestsLaunchTests.swift */,
			);
			path = "I Am Rich SwiftUIUITests";
			sourceTree = "<group>";
		};
/* End PBXGroup section */

/* Begin PBXNativeTarget section */
		926716C328235F6B0011CFA4 /* I Am Rich SwiftUI */ = {
			isa = PBXNativeTarget;
			buildConfigurationList = 926716E828235F6D0011CFA4 /* Build configuration list for PBXNativeTarget "I Am Rich SwiftUI" */;
			buildPhases = (
				926716C028235F6B0011CFA4 /* Sources */,
				926716C128235F6B0011CFA4 /* Frameworks */,
				926716C228235F6B0011CFA4 /* Resources */,
			);
			buildRules = (
			);
			dependencies = (
			);
			name = "I Am Rich SwiftUI";
			productName = "I Am Rich SwiftUI";
			productReference = 926716C428235F6B0011CFA4 /* I Am Rich SwiftUI.app */;
			productType = "com.apple.product-type.application";
		};
		926716D328235F6D0011CFA4 /* I Am Rich SwiftUITests */ = {
			isa = PBXNativeTarget;
			buildConfigurationList = 926716EB28235F6D0011CFA4 /* Build configuration list for PBXNativeTarget "I Am Rich SwiftUITests" */;
			buildPhases = (
				926716D028235F6D0011CFA4 /* Sources */,
				926716D128235F6D0011CFA4 /* Frameworks */,
				926716D228235F6D0011CFA4 /* Resources */,
			);
			buildRules = (
			);
			dependencies = (
				926716D628235F6D0011CFA4 /* PBXTargetDependency */,
			);
			name = "I Am Rich SwiftUITests";
			productName = "I Am Rich SwiftUITests";
			productReference = 926716D428235F6D0011CFA4 /* I Am Rich SwiftUITests.xctest */;
			productType = "com.apple.product-type.bundle.unit-test";
		};
		926716DD28235F6D0011CFA4 /* I Am Rich SwiftUIUITests */ = {
			isa = PBXNativeTarget;
			buildConfigurationList = 926716EE28235F6D0011CFA4 /* Build configuration list for PBXNativeTarget "I Am Rich SwiftUIUITests" */;
			buildPhases = (
				926716DA28235F6D0011CFA4 /* Sources */,
				926716DB28235F6D0011CFA4 /* Frameworks */,
				926716DC28235F6D0011CFA4 /* Resources */,
			);
			buildRules = (
			);
			dependencies = (
				926716E028235F6D0011CFA4 /* PBXTargetDependency */,
			);
			name = "I Am Rich SwiftUIUITests";
			productName = "I Am Rich SwiftUIUITests";
			productReference = 926716DE28235F6D0011CFA4 /* I Am Rich SwiftUIUITests.xctest */;
			productType = "com.apple.product-type.bundle.ui-testing";
		};
/* End PBXNativeTarget section */

/* Begin PBXProject section */
		926716BC28235F6B0011CFA4 /* Project object */ = {
			isa = PBXProject;
			attributes = {
				BuildIndependentTargetsInParallel = 1;
				LastSwiftUpdateCheck = 1330;
				LastUpgradeCheck = 1330;
				TargetAttributes = {
					926716C328235F6B0011CFA4 = {
						CreatedOnToolsVersion = 13.3.1;
					};
					926716D328235F6D0011CFA4 = {
						CreatedOnToolsVersion = 13.3.1;
						TestTargetID = 926716C328235F6B0011CFA4;
					};
					926716DD28235F6D0011CFA4 = {
						CreatedOnToolsVersion = 13.3.1;
						TestTargetID = 926716C328235F6B0011CFA4;
					};
				};
			};
			buildConfigurationList = 926716BF28235F6B0011CFA4 /* Build configuration list for PBXProject "I Am Rich SwiftUI" */;
			compatibilityVersion = "Xcode 13.0";
			developmentRegion = en;
			hasScannedForEncodings = 0;
			knownRegions = (
				en,
				Base,
			);
			mainGroup = 926716BB28235F6B0011CFA4;
			productRefGroup = 926716C528235F6B0011CFA4 /* Products */;
			projectDirPath = "";
			projectRoot = "";
			targets = (
				926716C328235F6B0011CFA4 /* I Am Rich SwiftUI */,
				926716D328235F6D0011CFA4 /* I Am Rich SwiftUITests */,
				926716DD28235F6D0011CFA4 /* I Am Rich SwiftUIUITests */,
			);
		};
/* End PBXProject section */

/* Begin PBXResourcesBuildPhase section */
		926716C228235F6B0011CFA4 /* Resources */ = {
			isa = PBXResourcesBuildPhase;
			buildActionMask = 2147483647;
			files = (
				926716CF28235F6C0011CFA4 /* Preview Assets.xcassets in Resources */,
				926716CC28235F6C0011CFA4 /* Assets.xcassets in Resources */,
			);
			runOnlyForDeploymentPostprocessing = 0;
		};
		926716D228235F6D0011CFA4 /* Resources */ = {
			isa = PBXResourcesBuildPhase;
			buildActionMask = 2147483647;
			files = (
			);
			runOnlyForDeploymentPostprocessing = 0;
		};
		926716DC28235F6D0011CFA4 /* Resources */ = {
			isa = PBXResourcesBuildPhase;
			buildActionMask = 2147483647;
			files = (
			);
			runOnlyForDeploymentPostprocessing = 0;
		};
/* End PBXResourcesBuildPhase section */

/* Begin PBXSourcesBuildPhase section */
		926716C028235F6B0011CFA4 /* Sources */ = {
			isa = PBXSourcesBuildPhase;
			buildActionMask = 2147483647;
			files = (
				926716CA28235F6B0011CFA4 /* ContentView.swift in Sources */,
				926716C828235F6B0011CFA4 /* I_Am_Rich_SwiftUIApp.swift in Sources */,
			);
			runOnlyForDeploymentPostprocessing = 0;
		};
		926716D028235F6D0011CFA4 /* Sources */ = {
			isa = PBXSourcesBuildPhase;
			buildActionMask = 2147483647;
			files = (
				926716D928235F6D0011CFA4 /* I_Am_Rich_SwiftUITests.swift in Sources */,
			);
			runOnlyForDeploymentPostprocessing = 0;
		};
		926716DA28235F6D0011CFA4 /* Sources */ = {
			isa = PBXSourcesBuildPhase;
			buildActionMask = 2147483647;
			files = (
				926716E528235F6D0011CFA4 /* I_Am_Rich_SwiftUIUITestsLaunchTests.swift in Sources */,
				926716E328235F6D0011CFA4 /* I_Am_Rich_SwiftUIUITests.swift in Sources */,
			);
			runOnlyForDeploymentPostprocessing = 0;
		};
/* End PBXSourcesBuildPhase section */

/* Begin PBXTargetDependency section */
		926716D628235F6D0011CFA4 /* PBXTargetDependency */ = {
			isa = PBXTargetDependency;
			target = 926716C328235F6B0011CFA4 /* I Am Rich SwiftUI */;
			targetProxy = 926716D528235F6D0011CFA4 /* PBXContainerItemProxy */;
		};
		926716E028235F6D0011CFA4 /* PBXTargetDependency */ = {
			isa = PBXTargetDependency;
			target = 926716C328235F6B0011CFA4 /* I Am Rich SwiftUI */;
			targetProxy = 926716DF28235F6D0011CFA4 /* PBXContainerItemProxy */;
		};
/* End PBXTargetDependency section */

/* Begin XCBuildConfiguration section */
		926716E628235F6D0011CFA4 /* Debug */ = {
			isa = XCBuildConfiguration;
			buildSettings = {
				ALWAYS_SEARCH_USER_PATHS = NO;
				CLANG_ANALYZER_NONNULL = YES;
				CLANG_ANALYZER_NUMBER_OBJECT_CONVERSION = YES_AGGRESSIVE;
				CLANG_CXX_LANGUAGE_STANDARD = "gnu++17";
				CLANG_ENABLE_MODULES = YES;
				CLANG_ENABLE_OBJC_ARC = YES;
				CLANG_ENABLE_OBJC_WEAK = YES;
				CLANG_WARN_BLOCK_CAPTURE_AUTORELEASING = YES;
				CLANG_WARN_BOOL_CONVERSION = YES;
				CLANG_WARN_COMMA = YES;
				CLANG_WARN_CONSTANT_CONVERSION = YES;
				CLANG_WARN_DEPRECATED_OBJC_IMPLEMENTATIONS = YES;
				CLANG_WARN_DIRECT_OBJC_ISA_USAGE = YES_ERROR;
				CLANG_WARN_DOCUMENTATION_COMMENTS = YES;
				CLANG_WARN_EMPTY_BODY = YES;
				CLANG_WARN_ENUM_CONVERSION = YES;
				CLANG_WARN_INFINITE_RECURSION = YES;
				CLANG_WARN_INT_CONVERSION = YES;
				CLANG_WARN_NON_LITERAL_NULL_CONVERSION = YES;
				CLANG_WARN_OBJC_IMPLICIT_RETAIN_SELF = YES;
				CLANG_WARN_OBJC_LITERAL_CONVERSION = YES;
				CLANG_WARN_OBJC_ROOT_CLASS = YES_ERROR;
				CLANG_WARN_QUOTED_INCLUDE_IN_FRAMEWORK_HEADER = YES;
				CLANG_WARN_RANGE_LOOP_ANALYSIS = YES;
				CLANG_WARN_STRICT_PROTOTYPES = YES;
				CLANG_WARN_SUSPICIOUS_MOVE = YES;
				CLANG_WARN_UNGUARDED_AVAILABILITY = YES_AGGRESSIVE;
				CLANG_WARN_UNREACHABLE_CODE = YES;
				CLANG_WARN__DUPLICATE_METHOD_MATCH = YES;
				COPY_PHASE_STRIP = NO;
				DEBUG_INFORMATION_FORMAT = dwarf;
				ENABLE_STRICT_OBJC_MSGSEND = YES;
				ENABLE_TESTABILITY = YES;
				GCC_C_LANGUAGE_STANDARD = gnu11;
				GCC_DYNAMIC_NO_PIC = NO;
				GCC_NO_COMMON_BLOCKS = YES;
				GCC_OPTIMIZATION_LEVEL = 0;
				GCC_PREPROCESSOR_DEFINITIONS = (
					"DEBUG=1",
					"$(inherited)",
				);
				GCC_WARN_64_TO_32_BIT_CONVERSION = YES;
				GCC_WARN_ABOUT_RETURN_TYPE = YES_ERROR;
				GCC_WARN_UNDECLARED_SELECTOR = YES;
				GCC_WARN_UNINITIALIZED_AUTOS = YES_AGGRESSIVE;
				GCC_WARN_UNUSED_FUNCTION = YES;
				GCC_WARN_UNUSED_VARIABLE = YES;
				IPHONEOS_DEPLOYMENT_TARGET = 15.4;
				MTL_ENABLE_DEBUG_INFO = INCLUDE_SOURCE;
				MTL_FAST_MATH = YES;
				ONLY_ACTIVE_ARCH = YES;
				SDKROOT = iphoneos;
				SWIFT_ACTIVE_COMPILATION_CONDITIONS = DEBUG;
				SWIFT_OPTIMIZATION_LEVEL = "-Onone";
			};
			name = Debug;
		};
		926716E728235F6D0011CFA4 /* Release */ = {
			isa = XCBuildConfiguration;
			buildSettings = {
				ALWAYS_SEARCH_USER_PATHS = NO;
				CLANG_ANALYZER_NONNULL = YES;
				CLANG_ANALYZER_NUMBER_OBJECT_CONVERSION = YES_AGGRESSIVE;
				CLANG_CXX_LANGUAGE_STANDARD = "gnu++17";
				CLANG_ENABLE_MODULES = YES;
				CLANG_ENABLE_OBJC_ARC = YES;
				CLANG_ENABLE_OBJC_WEAK = YES;
				CLANG_WARN_BLOCK_CAPTURE_AUTORELEASING = YES;
				CLANG_WARN_BOOL_CONVERSION = YES;
				CLANG_WARN_COMMA = YES;
				CLANG_WARN_CONSTANT_CONVERSION = YES;
				CLANG_WARN_DEPRECATED_OBJC_IMPLEMENTATIONS = YES;
				CLANG_WARN_DIRECT_OBJC_ISA_USAGE = YES_ERROR;
				CLANG_WARN_DOCUMENTATION_COMMENTS = YES;
				CLANG_WARN_EMPTY_BODY = YES;
				CLANG_WARN_ENUM_CONVERSION = YES;
				CLANG_WARN_INFINITE_RECURSION = YES;
				CLANG_WARN_INT_CONVERSION = YES;
				CLANG_WARN_NON_LITERAL_NULL_CONVERSION = YES;
				CLANG_WARN_OBJC_IMPLICIT_RETAIN_SELF = YES;
				CLANG_WARN_OBJC_LITERAL_CONVERSION = YES;
				CLANG_WARN_OBJC_ROOT_CLASS = YES_ERROR;
				CLANG_WARN_QUOTED_INCLUDE_IN_FRAMEWORK_HEADER = YES;
				CLANG_WARN_RANGE_LOOP_ANALYSIS = YES;
				CLANG_WARN_STRICT_PROTOTYPES = YES;
				CLANG_WARN_SUSPICIOUS_MOVE = YES;
				CLANG_WARN_UNGUARDED_AVAILABILITY = YES_AGGRESSIVE;
				CLANG_WARN_UNREACHABLE_CODE = YES;
				CLANG_WARN__DUPLICATE_METHOD_MATCH = YES;
				COPY_PHASE_STRIP = NO;
				DEBUG_INFORMATION_FORMAT = "dwarf-with-dsym";
				ENABLE_NS_ASSERTIONS = NO;
				ENABLE_STRICT_OBJC_MSGSEND = YES;
				GCC_C_LANGUAGE_STANDARD = gnu11;
				GCC_NO_COMMON_BLOCKS = YES;
				GCC_WARN_64_TO_32_BIT_CONVERSION = YES;
				GCC_WARN_ABOUT_RETURN_TYPE = YES_ERROR;
				GCC_WARN_UNDECLARED_SELECTOR = YES;
				GCC_WARN_UNINITIALIZED_AUTOS = YES_AGGRESSIVE;
				GCC_WARN_UNUSED_FUNCTION = YES;
				GCC_WARN_UNUSED_VARIABLE = YES;
				IPHONEOS_DEPLOYMENT_TARGET = 15.4;
				MTL_ENABLE_DEBUG_INFO = NO;
				MTL_FAST_MATH = YES;
				SDKROOT = iphoneos;
				SWIFT_COMPILATION_MODE = wholemodule;
				SWIFT_OPTIMIZATION_LEVEL = "-O";
				VALIDATE_PRODUCT = YES;
			};
			name = Release;
		};
		926716E928235F6D0011CFA4 /* Debug */ = {
			isa = XCBuildConfiguration;
			buildSettings = {
				ASSETCATALOG_COMPILER_APPICON_NAME = AppIcon;
				ASSETCATALOG_COMPILER_GLOBAL_ACCENT_COLOR_NAME = AccentColor;
				CODE_SIGN_STYLE = Automatic;
				CURRENT_PROJECT_VERSION = 1;
				DEVELOPMENT_ASSET_PATHS = "\"I Am Rich SwiftUI/Preview Content\"";
				DEVELOPMENT_TEAM = SDH5Q76F69;
				ENABLE_PREVIEWS = YES;
				GENERATE_INFOPLIST_FILE = YES;
				INFOPLIST_KEY_UIApplicationSceneManifest_Generation = YES;
				INFOPLIST_KEY_UIApplicationSupportsIndirectInputEvents = YES;
				INFOPLIST_KEY_UILaunchScreen_Generation = YES;
				INFOPLIST_KEY_UISupportedInterfaceOrientations_iPad = "UIInterfaceOrientationPortrait UIInterfaceOrientationPortraitUpsideDown UIInterfaceOrientationLandscapeLeft UIInterfaceOrientationLandscapeRight";
				INFOPLIST_KEY_UISupportedInterfaceOrientations_iPhone = "UIInterfaceOrientationPortrait UIInterfaceOrientationLandscapeLeft UIInterfaceOrientationLandscapeRight";
				LD_RUNPATH_SEARCH_PATHS = (
					"$(inherited)",
					"@executable_path/Frameworks",
				);
				MARKETING_VERSION = 1.0;
				PRODUCT_BUNDLE_IDENTIFIER = "com.richardhuynh.I-Am-Rich-SwiftUI";
				PRODUCT_NAME = "$(TARGET_NAME)";
				SWIFT_EMIT_LOC_STRINGS = YES;
				SWIFT_VERSION = 5.0;
				TARGETED_DEVICE_FAMILY = "1,2";
			};
			name = Debug;
		};
		926716EA28235F6D0011CFA4 /* Release */ = {
			isa = XCBuildConfiguration;
			buildSettings = {
				ASSETCATALOG_COMPILER_APPICON_NAME = AppIcon;
				ASSETCATALOG_COMPILER_GLOBAL_ACCENT_COLOR_NAME = AccentColor;
				CODE_SIGN_STYLE = Automatic;
				CURRENT_PROJECT_VERSION = 1;
				DEVELOPMENT_ASSET_PATHS = "\"I Am Rich SwiftUI/Preview Content\"";
				DEVELOPMENT_TEAM = SDH5Q76F69;
				ENABLE_PREVIEWS = YES;
				GENERATE_INFOPLIST_FILE = YES;
				INFOPLIST_KEY_UIApplicationSceneManifest_Generation = YES;
				INFOPLIST_KEY_UIApplicationSupportsIndirectInputEvents = YES;
				INFOPLIST_KEY_UILaunchScreen_Generation = YES;
				INFOPLIST_KEY_UISupportedInterfaceOrientations_iPad = "UIInterfaceOrientationPortrait UIInterfaceOrientationPortraitUpsideDown UIInterfaceOrientationLandscapeLeft UIInterfaceOrientationLandscapeRight";
				INFOPLIST_KEY_UISupportedInterfaceOrientations_iPhone = "UIInterfaceOrientationPortrait UIInterfaceOrientationLandscapeLeft UIInterfaceOrientationLandscapeRight";
				LD_RUNPATH_SEARCH_PATHS = (
					"$(inherited)",
					"@executable_path/Frameworks",
				);
				MARKETING_VERSION = 1.0;
				PRODUCT_BUNDLE_IDENTIFIER = "com.richardhuynh.I-Am-Rich-SwiftUI";
				PRODUCT_NAME = "$(TARGET_NAME)";
				SWIFT_EMIT_LOC_STRINGS = YES;
				SWIFT_VERSION = 5.0;
				TARGETED_DEVICE_FAMILY = "1,2";
			};
			name = Release;
		};
		926716EC28235F6D0011CFA4 /* Debug */ = {
			isa = XCBuildConfiguration;
			buildSettings = {
				ALWAYS_EMBED_SWIFT_STANDARD_LIBRARIES = YES;
				BUNDLE_LOADER = "$(TEST_HOST)";
				CODE_SIGN_STYLE = Automatic;
				CURRENT_PROJECT_VERSION = 1;
				DEVELOPMENT_TEAM = SDH5Q76F69;
				GENERATE_INFOPLIST_FILE = YES;
				IPHONEOS_DEPLOYMENT_TARGET = 15.4;
				MARKETING_VERSION = 1.0;
				PRODUCT_BUNDLE_IDENTIFIER = "com.richardhuynh.I-Am-Rich-SwiftUITests";
				PRODUCT_NAME = "$(TARGET_NAME)";
				SWIFT_EMIT_LOC_STRINGS = NO;
				SWIFT_VERSION = 5.0;
				TARGETED_DEVICE_FAMILY = "1,2";
				TEST_HOST = "$(BUILT_PRODUCTS_DIR)/I Am Rich SwiftUI.app/I Am Rich SwiftUI";
			};
			name = Debug;
		};
		926716ED28235F6D0011CFA4 /* Release */ = {
			isa = XCBuildConfiguration;
			buildSettings = {
				ALWAYS_EMBED_SWIFT_STANDARD_LIBRARIES = YES;
				BUNDLE_LOADER = "$(TEST_HOST)";
				CODE_SIGN_STYLE = Automatic;
				CURRENT_PROJECT_VERSION = 1;
				DEVELOPMENT_TEAM = SDH5Q76F69;
				GENERATE_INFOPLIST_FILE = YES;
				IPHONEOS_DEPLOYMENT_TARGET = 15.4;
				MARKETING_VERSION = 1.0;
				PRODUCT_BUNDLE_IDENTIFIER = "com.richardhuynh.I-Am-Rich-SwiftUITests";
				PRODUCT_NAME = "$(TARGET_NAME)";
				SWIFT_EMIT_LOC_STRINGS = NO;
				SWIFT_VERSION = 5.0;
				TARGETED_DEVICE_FAMILY = "1,2";
				TEST_HOST = "$(BUILT_PRODUCTS_DIR)/I Am Rich SwiftUI.app/I Am Rich SwiftUI";
			};
			name = Release;
		};
		926716EF28235F6D0011CFA4 /* Debug */ = {
			isa = XCBuildConfiguration;
			buildSettings = {
				ALWAYS_EMBED_SWIFT_STANDARD_LIBRARIES = YES;
				CODE_SIGN_STYLE = Automatic;
				CURRENT_PROJECT_VERSION = 1;
				DEVELOPMENT_TEAM = SDH5Q76F69;
				GENERATE_INFOPLIST_FILE = YES;
				MARKETING_VERSION = 1.0;
				PRODUCT_BUNDLE_IDENTIFIER = "com.richardhuynh.I-Am-Rich-SwiftUIUITests";
				PRODUCT_NAME = "$(TARGET_NAME)";
				SWIFT_EMIT_LOC_STRINGS = NO;
				SWIFT_VERSION = 5.0;
				TARGETED_DEVICE_FAMILY = "1,2";
				TEST_TARGET_NAME = "I Am Rich SwiftUI";
			};
			name = Debug;
		};
		926716F028235F6D0011CFA4 /* Release */ = {
			isa = XCBuildConfiguration;
			buildSettings = {
				ALWAYS_EMBED_SWIFT_STANDARD_LIBRARIES = YES;
				CODE_SIGN_STYLE = Automatic;
				CURRENT_PROJECT_VERSION = 1;
				DEVELOPMENT_TEAM = SDH5Q76F69;
				GENERATE_INFOPLIST_FILE = YES;
				MARKETING_VERSION = 1.0;
				PRODUCT_BUNDLE_IDENTIFIER = "com.richardhuynh.I-Am-Rich-SwiftUIUITests";
				PRODUCT_NAME = "$(TARGET_NAME)";
				SWIFT_EMIT_LOC_STRINGS = NO;
				SWIFT_VERSION = 5.0;
				TARGETED_DEVICE_FAMILY = "1,2";
				TEST_TARGET_NAME = "I Am Rich SwiftUI";
			};
			name = Release;
		};
/* End XCBuildConfiguration section */

/* Begin XCConfigurationList section */
		926716BF28235F6B0011CFA4 /* Build configuration list for PBXProject "I Am Rich SwiftUI" */ = {
			isa = XCConfigurationList;
			buildConfigurations = (
				926716E628235F6D0011CFA4 /* Debug */,
				926716E728235F6D0011CFA4 /* Release */,
			);
			defaultConfigurationIsVisible = 0;
			defaultConfigurationName = Release;
		};
		926716E828235F6D0011CFA4 /* Build configuration list for PBXNativeTarget "I Am Rich SwiftUI" */ = {
			isa = XCConfigurationList;
			buildConfigurations = (
				926716E928235F6D0011CFA4 /* Debug */,
				926716EA28235F6D0011CFA4 /* Release */,
			);
			defaultConfigurationIsVisible = 0;
			defaultConfigurationName = Release;
		};
		926716EB28235F6D0011CFA4 /* Build configuration list for PBXNativeTarget "I Am Rich SwiftUITests" */ = {
			isa = XCConfigurationList;
			buildConfigurations = (
				926716EC28235F6D0011CFA4 /* Debug */,
				926716ED28235F6D0011CFA4 /* Release */,
			);
			defaultConfigurationIsVisible = 0;
			defaultConfigurationName = Release;
		};
		926716EE28235F6D0011CFA4 /* Build configuration list for PBXNativeTarget "I Am Rich SwiftUIUITests" */ = {
			isa = XCConfigurationList;
			buildConfigurations = (
				926716EF28235F6D0011CFA4 /* Debug */,
				926716F028235F6D0011CFA4 /* Release */,
			);
			defaultConfigurationIsVisible = 0;
			defaultConfigurationName = Release;
		};
/* End XCConfigurationList section */
	};
	rootObject = 926716BC28235F6B0011CFA4 /* Project object */;
}
