// !$*UTF8*$!
{
	archiveVersion = 1;
	classes = {
	};
	objectVersion = 55;
	objects = {

/* Begin PBXBuildFile section */
		92769B0A28249FBC00E5EE03 /* H4X0R_NewsApp.swift in Sources */ = {isa = PBXBuildFile; fileRef = 92769B0928249FBC00E5EE03 /* H4X0R_NewsApp.swift */; };
		92769B0C28249FBC00E5EE03 /* ContentView.swift in Sources */ = {isa = PBXBuildFile; fileRef = 92769B0B28249FBC00E5EE03 /* ContentView.swift */; };
		92769B0E28249FBD00E5EE03 /* Assets.xcassets in Resources */ = {isa = PBXBuildFile; fileRef = 92769B0D28249FBD00E5EE03 /* Assets.xcassets */; };
		92769B1128249FBD00E5EE03 /* Preview Assets.xcassets in Resources */ = {isa = PBXBuildFile; fileRef = 92769B1028249FBD00E5EE03 /* Preview Assets.xcassets */; };
		92769B1B28249FBD00E5EE03 /* H4X0R_NewsTests.swift in Sources */ = {isa = PBXBuildFile; fileRef = 92769B1A28249FBD00E5EE03 /* H4X0R_NewsTests.swift */; };
		92769B2528249FBD00E5EE03 /* H4X0R_NewsUITests.swift in Sources */ = {isa = PBXBuildFile; fileRef = 92769B2428249FBD00E5EE03 /* H4X0R_NewsUITests.swift */; };
		92769B2728249FBD00E5EE03 /* H4X0R_NewsUITestsLaunchTests.swift in Sources */ = {isa = PBXBuildFile; fileRef = 92769B2628249FBD00E5EE03 /* H4X0R_NewsUITestsLaunchTests.swift */; };
		92769B352824A1F100E5EE03 /* NetworkManager.swift in Sources */ = {isa = PBXBuildFile; fileRef = 92769B342824A1F100E5EE03 /* NetworkManager.swift */; };
		92769B372824A2C800E5EE03 /* PostData.swift in Sources */ = {isa = PBXBuildFile; fileRef = 92769B362824A2C800E5EE03 /* PostData.swift */; };
		92769B3A2824B15800E5EE03 /* DetailView.swift in Sources */ = {isa = PBXBuildFile; fileRef = 92769B392824B15800E5EE03 /* DetailView.swift */; };
		92769B3C2824B3B500E5EE03 /* WebView.swift in Sources */ = {isa = PBXBuildFile; fileRef = 92769B3B2824B3B500E5EE03 /* WebView.swift */; };
/* End PBXBuildFile section */

/* Begin PBXContainerItemProxy section */
		92769B1728249FBD00E5EE03 /* PBXContainerItemProxy */ = {
			isa = PBXContainerItemProxy;
			containerPortal = 92769AFE28249FBC00E5EE03 /* Project object */;
			proxyType = 1;
			remoteGlobalIDString = 92769B0528249FBC00E5EE03;
			remoteInfo = "H4X0R News";
		};
		92769B2128249FBD00E5EE03 /* PBXContainerItemProxy */ = {
			isa = PBXContainerItemProxy;
			containerPortal = 92769AFE28249FBC00E5EE03 /* Project object */;
			proxyType = 1;
			remoteGlobalIDString = 92769B0528249FBC00E5EE03;
			remoteInfo = "H4X0R News";
		};
/* End PBXContainerItemProxy section */

/* Begin PBXFileReference section */
		92769B0628249FBC00E5EE03 /* H4X0R News.app */ = {isa = PBXFileReference; explicitFileType = wrapper.application; includeInIndex = 0; path = "H4X0R News.app"; sourceTree = BUILT_PRODUCTS_DIR; };
		92769B0928249FBC00E5EE03 /* H4X0R_NewsApp.swift */ = {isa = PBXFileReference; lastKnownFileType = sourcecode.swift; path = H4X0R_NewsApp.swift; sourceTree = "<group>"; };
		92769B0B28249FBC00E5EE03 /* ContentView.swift */ = {isa = PBXFileReference; lastKnownFileType = sourcecode.swift; path = ContentView.swift; sourceTree = "<group>"; };
		92769B0D28249FBD00E5EE03 /* Assets.xcassets */ = {isa = PBXFileReference; lastKnownFileType = folder.assetcatalog; path = Assets.xcassets; sourceTree = "<group>"; };
		92769B1028249FBD00E5EE03 /* Preview Assets.xcassets */ = {isa = PBXFileReference; lastKnownFileType = folder.assetcatalog; path = "Preview Assets.xcassets"; sourceTree = "<group>"; };
		92769B1628249FBD00E5EE03 /* H4X0R NewsTests.xctest */ = {isa = PBXFileReference; explicitFileType = wrapper.cfbundle; includeInIndex = 0; path = "H4X0R NewsTests.xctest"; sourceTree = BUILT_PRODUCTS_DIR; };
		92769B1A28249FBD00E5EE03 /* H4X0R_NewsTests.swift */ = {isa = PBXFileReference; lastKnownFileType = sourcecode.swift; path = H4X0R_NewsTests.swift; sourceTree = "<group>"; };
		92769B2028249FBD00E5EE03 /* H4X0R NewsUITests.xctest */ = {isa = PBXFileReference; explicitFileType = wrapper.cfbundle; includeInIndex = 0; path = "H4X0R NewsUITests.xctest"; sourceTree = BUILT_PRODUCTS_DIR; };
		92769B2428249FBD00E5EE03 /* H4X0R_NewsUITests.swift */ = {isa = PBXFileReference; lastKnownFileType = sourcecode.swift; path = H4X0R_NewsUITests.swift; sourceTree = "<group>"; };
		92769B2628249FBD00E5EE03 /* H4X0R_NewsUITestsLaunchTests.swift */ = {isa = PBXFileReference; lastKnownFileType = sourcecode.swift; path = H4X0R_NewsUITestsLaunchTests.swift; sourceTree = "<group>"; };
		92769B342824A1F100E5EE03 /* NetworkManager.swift */ = {isa = PBXFileReference; lastKnownFileType = sourcecode.swift; path = NetworkManager.swift; sourceTree = "<group>"; };
		92769B362824A2C800E5EE03 /* PostData.swift */ = {isa = PBXFileReference; lastKnownFileType = sourcecode.swift; path = PostData.swift; sourceTree = "<group>"; };
		92769B392824B15800E5EE03 /* DetailView.swift */ = {isa = PBXFileReference; lastKnownFileType = sourcecode.swift; path = DetailView.swift; sourceTree = "<group>"; };
		92769B3B2824B3B500E5EE03 /* WebView.swift */ = {isa = PBXFileReference; lastKnownFileType = sourcecode.swift; path = WebView.swift; sourceTree = "<group>"; };
		92769B3D2824B48800E5EE03 /* H4X0R News.entitlements */ = {isa = PBXFileReference; lastKnownFileType = text.plist.entitlements; path = "H4X0R News.entitlements"; sourceTree = "<group>"; };
/* End PBXFileReference section */

/* Begin PBXFrameworksBuildPhase section */
		92769B0328249FBC00E5EE03 /* Frameworks */ = {
			isa = PBXFrameworksBuildPhase;
			buildActionMask = 2147483647;
			files = (
			);
			runOnlyForDeploymentPostprocessing = 0;
		};
		92769B1328249FBD00E5EE03 /* Frameworks */ = {
			isa = PBXFrameworksBuildPhase;
			buildActionMask = 2147483647;
			files = (
			);
			runOnlyForDeploymentPostprocessing = 0;
		};
		92769B1D28249FBD00E5EE03 /* Frameworks */ = {
			isa = PBXFrameworksBuildPhase;
			buildActionMask = 2147483647;
			files = (
			);
			runOnlyForDeploymentPostprocessing = 0;
		};
/* End PBXFrameworksBuildPhase section */

/* Begin PBXGroup section */
		92769AFD28249FBC00E5EE03 = {
			isa = PBXGroup;
			children = (
				92769B0828249FBC00E5EE03 /* H4X0R News */,
				92769B1928249FBD00E5EE03 /* H4X0R NewsTests */,
				92769B2328249FBD00E5EE03 /* H4X0R NewsUITests */,
				92769B0728249FBC00E5EE03 /* Products */,
			);
			sourceTree = "<group>";
		};
		92769B0728249FBC00E5EE03 /* Products */ = {
			isa = PBXGroup;
			children = (
				92769B0628249FBC00E5EE03 /* H4X0R News.app */,
				92769B1628249FBD00E5EE03 /* H4X0R NewsTests.xctest */,
				92769B2028249FBD00E5EE03 /* H4X0R NewsUITests.xctest */,
			);
			name = Products;
			sourceTree = "<group>";
		};
		92769B0828249FBC00E5EE03 /* H4X0R News */ = {
			isa = PBXGroup;
			children = (
				92769B3D2824B48800E5EE03 /* H4X0R News.entitlements */,
				92769B332824A1E700E5EE03 /* Models */,
				92769B382824B13100E5EE03 /* Views */,
				92769B0928249FBC00E5EE03 /* H4X0R_NewsApp.swift */,
				92769B0D28249FBD00E5EE03 /* Assets.xcassets */,
				92769B0F28249FBD00E5EE03 /* Preview Content */,
			);
			path = "H4X0R News";
			sourceTree = "<group>";
		};
		92769B0F28249FBD00E5EE03 /* Preview Content */ = {
			isa = PBXGroup;
			children = (
				92769B1028249FBD00E5EE03 /* Preview Assets.xcassets */,
			);
			path = "Preview Content";
			sourceTree = "<group>";
		};
		92769B1928249FBD00E5EE03 /* H4X0R NewsTests */ = {
			isa = PBXGroup;
			children = (
				92769B1A28249FBD00E5EE03 /* H4X0R_NewsTests.swift */,
			);
			path = "H4X0R NewsTests";
			sourceTree = "<group>";
		};
		92769B2328249FBD00E5EE03 /* H4X0R NewsUITests */ = {
			isa = PBXGroup;
			children = (
				92769B2428249FBD00E5EE03 /* H4X0R_NewsUITests.swift */,
				92769B2628249FBD00E5EE03 /* H4X0R_NewsUITestsLaunchTests.swift */,
			);
			path = "H4X0R NewsUITests";
			sourceTree = "<group>";
		};
		92769B332824A1E700E5EE03 /* Models */ = {
			isa = PBXGroup;
			children = (
				92769B342824A1F100E5EE03 /* NetworkManager.swift */,
				92769B362824A2C800E5EE03 /* PostData.swift */,
			);
			path = Models;
			sourceTree = "<group>";
		};
		92769B382824B13100E5EE03 /* Views */ = {
			isa = PBXGroup;
			children = (
				92769B0B28249FBC00E5EE03 /* ContentView.swift */,
				92769B392824B15800E5EE03 /* DetailView.swift */,
				92769B3B2824B3B500E5EE03 /* WebView.swift */,
			);
			path = Views;
			sourceTree = "<group>";
		};
/* End PBXGroup section */

/* Begin PBXNativeTarget section */
		92769B0528249FBC00E5EE03 /* H4X0R News */ = {
			isa = PBXNativeTarget;
			buildConfigurationList = 92769B2A28249FBD00E5EE03 /* Build configuration list for PBXNativeTarget "H4X0R News" */;
			buildPhases = (
				92769B0228249FBC00E5EE03 /* Sources */,
				92769B0328249FBC00E5EE03 /* Frameworks */,
				92769B0428249FBC00E5EE03 /* Resources */,
			);
			buildRules = (
			);
			dependencies = (
			);
			name = "H4X0R News";
			productName = "H4X0R News";
			productReference = 92769B0628249FBC00E5EE03 /* H4X0R News.app */;
			productType = "com.apple.product-type.application";
		};
		92769B1528249FBD00E5EE03 /* H4X0R NewsTests */ = {
			isa = PBXNativeTarget;
			buildConfigurationList = 92769B2D28249FBD00E5EE03 /* Build configuration list for PBXNativeTarget "H4X0R NewsTests" */;
			buildPhases = (
				92769B1228249FBD00E5EE03 /* Sources */,
				92769B1328249FBD00E5EE03 /* Frameworks */,
				92769B1428249FBD00E5EE03 /* Resources */,
			);
			buildRules = (
			);
			dependencies = (
				92769B1828249FBD00E5EE03 /* PBXTargetDependency */,
			);
			name = "H4X0R NewsTests";
			productName = "H4X0R NewsTests";
			productReference = 92769B1628249FBD00E5EE03 /* H4X0R NewsTests.xctest */;
			productType = "com.apple.product-type.bundle.unit-test";
		};
		92769B1F28249FBD00E5EE03 /* H4X0R NewsUITests */ = {
			isa = PBXNativeTarget;
			buildConfigurationList = 92769B3028249FBD00E5EE03 /* Build configuration list for PBXNativeTarget "H4X0R NewsUITests" */;
			buildPhases = (
				92769B1C28249FBD00E5EE03 /* Sources */,
				92769B1D28249FBD00E5EE03 /* Frameworks */,
				92769B1E28249FBD00E5EE03 /* Resources */,
			);
			buildRules = (
			);
			dependencies = (
				92769B2228249FBD00E5EE03 /* PBXTargetDependency */,
			);
			name = "H4X0R NewsUITests";
			productName = "H4X0R NewsUITests";
			productReference = 92769B2028249FBD00E5EE03 /* H4X0R NewsUITests.xctest */;
			productType = "com.apple.product-type.bundle.ui-testing";
		};
/* End PBXNativeTarget section */

/* Begin PBXProject section */
		92769AFE28249FBC00E5EE03 /* Project object */ = {
			isa = PBXProject;
			attributes = {
				BuildIndependentTargetsInParallel = 1;
				LastSwiftUpdateCheck = 1330;
				LastUpgradeCheck = 1330;
				TargetAttributes = {
					92769B0528249FBC00E5EE03 = {
						CreatedOnToolsVersion = 13.3.1;
					};
					92769B1528249FBD00E5EE03 = {
						CreatedOnToolsVersion = 13.3.1;
						TestTargetID = 92769B0528249FBC00E5EE03;
					};
					92769B1F28249FBD00E5EE03 = {
						CreatedOnToolsVersion = 13.3.1;
						TestTargetID = 92769B0528249FBC00E5EE03;
					};
				};
			};
			buildConfigurationList = 92769B0128249FBC00E5EE03 /* Build configuration list for PBXProject "H4X0R News" */;
			compatibilityVersion = "Xcode 13.0";
			developmentRegion = en;
			hasScannedForEncodings = 0;
			knownRegions = (
				en,
				Base,
			);
			mainGroup = 92769AFD28249FBC00E5EE03;
			productRefGroup = 92769B0728249FBC00E5EE03 /* Products */;
			projectDirPath = "";
			projectRoot = "";
			targets = (
				92769B0528249FBC00E5EE03 /* H4X0R News */,
				92769B1528249FBD00E5EE03 /* H4X0R NewsTests */,
				92769B1F28249FBD00E5EE03 /* H4X0R NewsUITests */,
			);
		};
/* End PBXProject section */

/* Begin PBXResourcesBuildPhase section */
		92769B0428249FBC00E5EE03 /* Resources */ = {
			isa = PBXResourcesBuildPhase;
			buildActionMask = 2147483647;
			files = (
				92769B1128249FBD00E5EE03 /* Preview Assets.xcassets in Resources */,
				92769B0E28249FBD00E5EE03 /* Assets.xcassets in Resources */,
			);
			runOnlyForDeploymentPostprocessing = 0;
		};
		92769B1428249FBD00E5EE03 /* Resources */ = {
			isa = PBXResourcesBuildPhase;
			buildActionMask = 2147483647;
			files = (
			);
			runOnlyForDeploymentPostprocessing = 0;
		};
		92769B1E28249FBD00E5EE03 /* Resources */ = {
			isa = PBXResourcesBuildPhase;
			buildActionMask = 2147483647;
			files = (
			);
			runOnlyForDeploymentPostprocessing = 0;
		};
/* End PBXResourcesBuildPhase section */

/* Begin PBXSourcesBuildPhase section */
		92769B0228249FBC00E5EE03 /* Sources */ = {
			isa = PBXSourcesBuildPhase;
			buildActionMask = 2147483647;
			files = (
				92769B352824A1F100E5EE03 /* NetworkManager.swift in Sources */,
				92769B372824A2C800E5EE03 /* PostData.swift in Sources */,
				92769B0C28249FBC00E5EE03 /* ContentView.swift in Sources */,
				92769B3C2824B3B500E5EE03 /* WebView.swift in Sources */,
				92769B3A2824B15800E5EE03 /* DetailView.swift in Sources */,
				92769B0A28249FBC00E5EE03 /* H4X0R_NewsApp.swift in Sources */,
			);
			runOnlyForDeploymentPostprocessing = 0;
		};
		92769B1228249FBD00E5EE03 /* Sources */ = {
			isa = PBXSourcesBuildPhase;
			buildActionMask = 2147483647;
			files = (
				92769B1B28249FBD00E5EE03 /* H4X0R_NewsTests.swift in Sources */,
			);
			runOnlyForDeploymentPostprocessing = 0;
		};
		92769B1C28249FBD00E5EE03 /* Sources */ = {
			isa = PBXSourcesBuildPhase;
			buildActionMask = 2147483647;
			files = (
				92769B2728249FBD00E5EE03 /* H4X0R_NewsUITestsLaunchTests.swift in Sources */,
				92769B2528249FBD00E5EE03 /* H4X0R_NewsUITests.swift in Sources */,
			);
			runOnlyForDeploymentPostprocessing = 0;
		};
/* End PBXSourcesBuildPhase section */

/* Begin PBXTargetDependency section */
		92769B1828249FBD00E5EE03 /* PBXTargetDependency */ = {
			isa = PBXTargetDependency;
			target = 92769B0528249FBC00E5EE03 /* H4X0R News */;
			targetProxy = 92769B1728249FBD00E5EE03 /* PBXContainerItemProxy */;
		};
		92769B2228249FBD00E5EE03 /* PBXTargetDependency */ = {
			isa = PBXTargetDependency;
			target = 92769B0528249FBC00E5EE03 /* H4X0R News */;
			targetProxy = 92769B2128249FBD00E5EE03 /* PBXContainerItemProxy */;
		};
/* End PBXTargetDependency section */

/* Begin XCBuildConfiguration section */
		92769B2828249FBD00E5EE03 /* Debug */ = {
			isa = XCBuildConfiguration;
			buildSettings = {
				ALWAYS_SEARCH_USER_PATHS = NO;
				CLANG_ANALYZER_NONNULL = YES;
				CLANG_ANALYZER_NUMBER_OBJECT_CONVERSION = YES_AGGRESSIVE;
				CLANG_CXX_LANGUAGE_STANDARD = "gnu++17";
				CLANG_ENABLE_MODULES = YES;
				CLANG_ENABLE_OBJC_ARC = YES;
				CLANG_ENABLE_OBJC_WEAK = YES;
				CLANG_WARN_BLOCK_CAPTURE_AUTORELEASING = YES;
				CLANG_WARN_BOOL_CONVERSION = YES;
				CLANG_WARN_COMMA = YES;
				CLANG_WARN_CONSTANT_CONVERSION = YES;
				CLANG_WARN_DEPRECATED_OBJC_IMPLEMENTATIONS = YES;
				CLANG_WARN_DIRECT_OBJC_ISA_USAGE = YES_ERROR;
				CLANG_WARN_DOCUMENTATION_COMMENTS = YES;
				CLANG_WARN_EMPTY_BODY = YES;
				CLANG_WARN_ENUM_CONVERSION = YES;
				CLANG_WARN_INFINITE_RECURSION = YES;
				CLANG_WARN_INT_CONVERSION = YES;
				CLANG_WARN_NON_LITERAL_NULL_CONVERSION = YES;
				CLANG_WARN_OBJC_IMPLICIT_RETAIN_SELF = YES;
				CLANG_WARN_OBJC_LITERAL_CONVERSION = YES;
				CLANG_WARN_OBJC_ROOT_CLASS = YES_ERROR;
				CLANG_WARN_QUOTED_INCLUDE_IN_FRAMEWORK_HEADER = YES;
				CLANG_WARN_RANGE_LOOP_ANALYSIS = YES;
				CLANG_WARN_STRICT_PROTOTYPES = YES;
				CLANG_WARN_SUSPICIOUS_MOVE = YES;
				CLANG_WARN_UNGUARDED_AVAILABILITY = YES_AGGRESSIVE;
				CLANG_WARN_UNREACHABLE_CODE = YES;
				CLANG_WARN__DUPLICATE_METHOD_MATCH = YES;
				COPY_PHASE_STRIP = NO;
				DEBUG_INFORMATION_FORMAT = dwarf;
				ENABLE_STRICT_OBJC_MSGSEND = YES;
				ENABLE_TESTABILITY = YES;
				GCC_C_LANGUAGE_STANDARD = gnu11;
				GCC_DYNAMIC_NO_PIC = NO;
				GCC_NO_COMMON_BLOCKS = YES;
				GCC_OPTIMIZATION_LEVEL = 0;
				GCC_PREPROCESSOR_DEFINITIONS = (
					"DEBUG=1",
					"$(inherited)",
				);
				GCC_WARN_64_TO_32_BIT_CONVERSION = YES;
				GCC_WARN_ABOUT_RETURN_TYPE = YES_ERROR;
				GCC_WARN_UNDECLARED_SELECTOR = YES;
				GCC_WARN_UNINITIALIZED_AUTOS = YES_AGGRESSIVE;
				GCC_WARN_UNUSED_FUNCTION = YES;
				GCC_WARN_UNUSED_VARIABLE = YES;
				IPHONEOS_DEPLOYMENT_TARGET = 15.4;
				MTL_ENABLE_DEBUG_INFO = INCLUDE_SOURCE;
				MTL_FAST_MATH = YES;
				ONLY_ACTIVE_ARCH = YES;
				SDKROOT = iphoneos;
				SWIFT_ACTIVE_COMPILATION_CONDITIONS = DEBUG;
				SWIFT_OPTIMIZATION_LEVEL = "-Onone";
			};
			name = Debug;
		};
		92769B2928249FBD00E5EE03 /* Release */ = {
			isa = XCBuildConfiguration;
			buildSettings = {
				ALWAYS_SEARCH_USER_PATHS = NO;
				CLANG_ANALYZER_NONNULL = YES;
				CLANG_ANALYZER_NUMBER_OBJECT_CONVERSION = YES_AGGRESSIVE;
				CLANG_CXX_LANGUAGE_STANDARD = "gnu++17";
				CLANG_ENABLE_MODULES = YES;
				CLANG_ENABLE_OBJC_ARC = YES;
				CLANG_ENABLE_OBJC_WEAK = YES;
				CLANG_WARN_BLOCK_CAPTURE_AUTORELEASING = YES;
				CLANG_WARN_BOOL_CONVERSION = YES;
				CLANG_WARN_COMMA = YES;
				CLANG_WARN_CONSTANT_CONVERSION = YES;
				CLANG_WARN_DEPRECATED_OBJC_IMPLEMENTATIONS = YES;
				CLANG_WARN_DIRECT_OBJC_ISA_USAGE = YES_ERROR;
				CLANG_WARN_DOCUMENTATION_COMMENTS = YES;
				CLANG_WARN_EMPTY_BODY = YES;
				CLANG_WARN_ENUM_CONVERSION = YES;
				CLANG_WARN_INFINITE_RECURSION = YES;
				CLANG_WARN_INT_CONVERSION = YES;
				CLANG_WARN_NON_LITERAL_NULL_CONVERSION = YES;
				CLANG_WARN_OBJC_IMPLICIT_RETAIN_SELF = YES;
				CLANG_WARN_OBJC_LITERAL_CONVERSION = YES;
				CLANG_WARN_OBJC_ROOT_CLASS = YES_ERROR;
				CLANG_WARN_QUOTED_INCLUDE_IN_FRAMEWORK_HEADER = YES;
				CLANG_WARN_RANGE_LOOP_ANALYSIS = YES;
				CLANG_WARN_STRICT_PROTOTYPES = YES;
				CLANG_WARN_SUSPICIOUS_MOVE = YES;
				CLANG_WARN_UNGUARDED_AVAILABILITY = YES_AGGRESSIVE;
				CLANG_WARN_UNREACHABLE_CODE = YES;
				CLANG_WARN__DUPLICATE_METHOD_MATCH = YES;
				COPY_PHASE_STRIP = NO;
				DEBUG_INFORMATION_FORMAT = "dwarf-with-dsym";
				ENABLE_NS_ASSERTIONS = NO;
				ENABLE_STRICT_OBJC_MSGSEND = YES;
				GCC_C_LANGUAGE_STANDARD = gnu11;
				GCC_NO_COMMON_BLOCKS = YES;
				GCC_WARN_64_TO_32_BIT_CONVERSION = YES;
				GCC_WARN_ABOUT_RETURN_TYPE = YES_ERROR;
				GCC_WARN_UNDECLARED_SELECTOR = YES;
				GCC_WARN_UNINITIALIZED_AUTOS = YES_AGGRESSIVE;
				GCC_WARN_UNUSED_FUNCTION = YES;
				GCC_WARN_UNUSED_VARIABLE = YES;
				IPHONEOS_DEPLOYMENT_TARGET = 15.4;
				MTL_ENABLE_DEBUG_INFO = NO;
				MTL_FAST_MATH = YES;
				SDKROOT = iphoneos;
				SWIFT_COMPILATION_MODE = wholemodule;
				SWIFT_OPTIMIZATION_LEVEL = "-O";
				VALIDATE_PRODUCT = YES;
			};
			name = Release;
		};
		92769B2B28249FBD00E5EE03 /* Debug */ = {
			isa = XCBuildConfiguration;
			buildSettings = {
				ASSETCATALOG_COMPILER_APPICON_NAME = AppIcon;
				ASSETCATALOG_COMPILER_GLOBAL_ACCENT_COLOR_NAME = AccentColor;
				CODE_SIGN_ENTITLEMENTS = "H4X0R News/H4X0R News.entitlements";
				CODE_SIGN_STYLE = Automatic;
				CURRENT_PROJECT_VERSION = 1;
				DEVELOPMENT_ASSET_PATHS = "\"H4X0R News/Preview Content\"";
				DEVELOPMENT_TEAM = SDH5Q76F69;
				ENABLE_PREVIEWS = YES;
				GENERATE_INFOPLIST_FILE = YES;
				INFOPLIST_KEY_UIApplicationSceneManifest_Generation = YES;
				INFOPLIST_KEY_UIApplicationSupportsIndirectInputEvents = YES;
				INFOPLIST_KEY_UILaunchScreen_Generation = YES;
				INFOPLIST_KEY_UISupportedInterfaceOrientations_iPad = "UIInterfaceOrientationPortrait UIInterfaceOrientationPortraitUpsideDown UIInterfaceOrientationLandscapeLeft UIInterfaceOrientationLandscapeRight";
				INFOPLIST_KEY_UISupportedInterfaceOrientations_iPhone = "UIInterfaceOrientationPortrait UIInterfaceOrientationLandscapeLeft UIInterfaceOrientationLandscapeRight";
				LD_RUNPATH_SEARCH_PATHS = (
					"$(inherited)",
					"@executable_path/Frameworks",
				);
				MARKETING_VERSION = 1.0;
				PRODUCT_BUNDLE_IDENTIFIER = "com.richardhuynh.H4X0R-News";
				PRODUCT_NAME = "$(TARGET_NAME)";
				SUPPORTS_MACCATALYST = YES;
				SWIFT_EMIT_LOC_STRINGS = YES;
				SWIFT_VERSION = 5.0;
				TARGETED_DEVICE_FAMILY = "1,2";
			};
			name = Debug;
		};
		92769B2C28249FBD00E5EE03 /* Release */ = {
			isa = XCBuildConfiguration;
			buildSettings = {
				ASSETCATALOG_COMPILER_APPICON_NAME = AppIcon;
				ASSETCATALOG_COMPILER_GLOBAL_ACCENT_COLOR_NAME = AccentColor;
				CODE_SIGN_ENTITLEMENTS = "H4X0R News/H4X0R News.entitlements";
				CODE_SIGN_STYLE = Automatic;
				CURRENT_PROJECT_VERSION = 1;
				DEVELOPMENT_ASSET_PATHS = "\"H4X0R News/Preview Content\"";
				DEVELOPMENT_TEAM = SDH5Q76F69;
				ENABLE_PREVIEWS = YES;
				GENERATE_INFOPLIST_FILE = YES;
				INFOPLIST_KEY_UIApplicationSceneManifest_Generation = YES;
				INFOPLIST_KEY_UIApplicationSupportsIndirectInputEvents = YES;
				INFOPLIST_KEY_UILaunchScreen_Generation = YES;
				INFOPLIST_KEY_UISupportedInterfaceOrientations_iPad = "UIInterfaceOrientationPortrait UIInterfaceOrientationPortraitUpsideDown UIInterfaceOrientationLandscapeLeft UIInterfaceOrientationLandscapeRight";
				INFOPLIST_KEY_UISupportedInterfaceOrientations_iPhone = "UIInterfaceOrientationPortrait UIInterfaceOrientationLandscapeLeft UIInterfaceOrientationLandscapeRight";
				LD_RUNPATH_SEARCH_PATHS = (
					"$(inherited)",
					"@executable_path/Frameworks",
				);
				MARKETING_VERSION = 1.0;
				PRODUCT_BUNDLE_IDENTIFIER = "com.richardhuynh.H4X0R-News";
				PRODUCT_NAME = "$(TARGET_NAME)";
				SUPPORTS_MACCATALYST = YES;
				SWIFT_EMIT_LOC_STRINGS = YES;
				SWIFT_VERSION = 5.0;
				TARGETED_DEVICE_FAMILY = "1,2";
			};
			name = Release;
		};
		92769B2E28249FBD00E5EE03 /* Debug */ = {
			isa = XCBuildConfiguration;
			buildSettings = {
				ALWAYS_EMBED_SWIFT_STANDARD_LIBRARIES = YES;
				BUNDLE_LOADER = "$(TEST_HOST)";
				CODE_SIGN_STYLE = Automatic;
				CURRENT_PROJECT_VERSION = 1;
				DEVELOPMENT_TEAM = SDH5Q76F69;
				GENERATE_INFOPLIST_FILE = YES;
				IPHONEOS_DEPLOYMENT_TARGET = 15.4;
				MARKETING_VERSION = 1.0;
				PRODUCT_BUNDLE_IDENTIFIER = "com.richardhuynh.H4X0R-NewsTests";
				PRODUCT_NAME = "$(TARGET_NAME)";
				SWIFT_EMIT_LOC_STRINGS = NO;
				SWIFT_VERSION = 5.0;
				TARGETED_DEVICE_FAMILY = "1,2";
				TEST_HOST = "$(BUILT_PRODUCTS_DIR)/H4X0R News.app/H4X0R News";
			};
			name = Debug;
		};
		92769B2F28249FBD00E5EE03 /* Release */ = {
			isa = XCBuildConfiguration;
			buildSettings = {
				ALWAYS_EMBED_SWIFT_STANDARD_LIBRARIES = YES;
				BUNDLE_LOADER = "$(TEST_HOST)";
				CODE_SIGN_STYLE = Automatic;
				CURRENT_PROJECT_VERSION = 1;
				DEVELOPMENT_TEAM = SDH5Q76F69;
				GENERATE_INFOPLIST_FILE = YES;
				IPHONEOS_DEPLOYMENT_TARGET = 15.4;
				MARKETING_VERSION = 1.0;
				PRODUCT_BUNDLE_IDENTIFIER = "com.richardhuynh.H4X0R-NewsTests";
				PRODUCT_NAME = "$(TARGET_NAME)";
				SWIFT_EMIT_LOC_STRINGS = NO;
				SWIFT_VERSION = 5.0;
				TARGETED_DEVICE_FAMILY = "1,2";
				TEST_HOST = "$(BUILT_PRODUCTS_DIR)/H4X0R News.app/H4X0R News";
			};
			name = Release;
		};
		92769B3128249FBD00E5EE03 /* Debug */ = {
			isa = XCBuildConfiguration;
			buildSettings = {
				ALWAYS_EMBED_SWIFT_STANDARD_LIBRARIES = YES;
				CODE_SIGN_STYLE = Automatic;
				CURRENT_PROJECT_VERSION = 1;
				DEVELOPMENT_TEAM = SDH5Q76F69;
				GENERATE_INFOPLIST_FILE = YES;
				MARKETING_VERSION = 1.0;
				PRODUCT_BUNDLE_IDENTIFIER = "com.richardhuynh.H4X0R-NewsUITests";
				PRODUCT_NAME = "$(TARGET_NAME)";
				SWIFT_EMIT_LOC_STRINGS = NO;
				SWIFT_VERSION = 5.0;
				TARGETED_DEVICE_FAMILY = "1,2";
				TEST_TARGET_NAME = "H4X0R News";
			};
			name = Debug;
		};
		92769B3228249FBD00E5EE03 /* Release */ = {
			isa = XCBuildConfiguration;
			buildSettings = {
				ALWAYS_EMBED_SWIFT_STANDARD_LIBRARIES = YES;
				CODE_SIGN_STYLE = Automatic;
				CURRENT_PROJECT_VERSION = 1;
				DEVELOPMENT_TEAM = SDH5Q76F69;
				GENERATE_INFOPLIST_FILE = YES;
				MARKETING_VERSION = 1.0;
				PRODUCT_BUNDLE_IDENTIFIER = "com.richardhuynh.H4X0R-NewsUITests";
				PRODUCT_NAME = "$(TARGET_NAME)";
				SWIFT_EMIT_LOC_STRINGS = NO;
				SWIFT_VERSION = 5.0;
				TARGETED_DEVICE_FAMILY = "1,2";
				TEST_TARGET_NAME = "H4X0R News";
			};
			name = Release;
		};
/* End XCBuildConfiguration section */

/* Begin XCConfigurationList section */
		92769B0128249FBC00E5EE03 /* Build configuration list for PBXProject "H4X0R News" */ = {
			isa = XCConfigurationList;
			buildConfigurations = (
				92769B2828249FBD00E5EE03 /* Debug */,
				92769B2928249FBD00E5EE03 /* Release */,
			);
			defaultConfigurationIsVisible = 0;
			defaultConfigurationName = Release;
		};
		92769B2A28249FBD00E5EE03 /* Build configuration list for PBXNativeTarget "H4X0R News" */ = {
			isa = XCConfigurationList;
			buildConfigurations = (
				92769B2B28249FBD00E5EE03 /* Debug */,
				92769B2C28249FBD00E5EE03 /* Release */,
			);
			defaultConfigurationIsVisible = 0;
			defaultConfigurationName = Release;
		};
		92769B2D28249FBD00E5EE03 /* Build configuration list for PBXNativeTarget "H4X0R NewsTests" */ = {
			isa = XCConfigurationList;
			buildConfigurations = (
				92769B2E28249FBD00E5EE03 /* Debug */,
				92769B2F28249FBD00E5EE03 /* Release */,
			);
			defaultConfigurationIsVisible = 0;
			defaultConfigurationName = Release;
		};
		92769B3028249FBD00E5EE03 /* Build configuration list for PBXNativeTarget "H4X0R NewsUITests" */ = {
			isa = XCConfigurationList;
			buildConfigurations = (
				92769B3128249FBD00E5EE03 /* Debug */,
				92769B3228249FBD00E5EE03 /* Release */,
			);
			defaultConfigurationIsVisible = 0;
			defaultConfigurationName = Release;
		};
/* End XCConfigurationList section */
	};
	rootObject = 92769AFE28249FBC00E5EE03 /* Project object */;
}
